// !$*UTF8*$!
{
	archiveVersion = 1;
	classes = {
	};
	objectVersion = 46;
	objects = {

/* Begin PBXBuildFile section */
		46CE760B1E64E1DA0015A9CE /* AppDelegate.swift in Sources */ = {isa = PBXBuildFile; fileRef = 46CE760A1E64E1DA0015A9CE /* AppDelegate.swift */; };
		46CE760D1E64E1DA0015A9CE /* ViewController.swift in Sources */ = {isa = PBXBuildFile; fileRef = 46CE760C1E64E1DA0015A9CE /* ViewController.swift */; };
		46CE76101E64E1DA0015A9CE /* Main.storyboard in Resources */ = {isa = PBXBuildFile; fileRef = 46CE760E1E64E1DA0015A9CE /* Main.storyboard */; };
		46CE76121E64E1DA0015A9CE /* Assets.xcassets in Resources */ = {isa = PBXBuildFile; fileRef = 46CE76111E64E1DA0015A9CE /* Assets.xcassets */; };
		46CE76151E64E1DA0015A9CE /* LaunchScreen.storyboard in Resources */ = {isa = PBXBuildFile; fileRef = 46CE76131E64E1DA0015A9CE /* LaunchScreen.storyboard */; };
/* End PBXBuildFile section */

/* Begin PBXFileReference section */
		46CE76071E64E1DA0015A9CE /* AutoResize 01.app */ = {isa = PBXFileReference; explicitFileType = wrapper.application; includeInIndex = 0; path = "AutoResize 01.app"; sourceTree = BUILT_PRODUCTS_DIR; };
		46CE760A1E64E1DA0015A9CE /* AppDelegate.swift */ = {isa = PBXFileReference; lastKnownFileType = sourcecode.swift; path = AppDelegate.swift; sourceTree = "<group>"; };
		46CE760C1E64E1DA0015A9CE /* ViewController.swift */ = {isa = PBXFileReference; lastKnownFileType = sourcecode.swift; path = ViewController.swift; sourceTree = "<group>"; };
		46CE760F1E64E1DA0015A9CE /* Base */ = {isa = PBXFileReference; lastKnownFileType = file.storyboard; name = Base; path = Base.lproj/Main.storyboard; sourceTree = "<group>"; };
		46CE76111E64E1DA0015A9CE /* Assets.xcassets */ = {isa = PBXFileReference; lastKnownFileType = folder.assetcatalog; path = Assets.xcassets; sourceTree = "<group>"; };
		46CE76141E64E1DA0015A9CE /* Base */ = {isa = PBXFileReference; lastKnownFileType = file.storyboard; name = Base; path = Base.lproj/LaunchScreen.storyboard; sourceTree = "<group>"; };
		46CE76161E64E1DA0015A9CE /* Info.plist */ = {isa = PBXFileReference; lastKnownFileType = text.plist.xml; path = Info.plist; sourceTree = "<group>"; };
/* End PBXFileReference section */

/* Begin PBXFrameworksBuildPhase section */
		46CE76041E64E1DA0015A9CE /* Frameworks */ = {
			isa = PBXFrameworksBuildPhase;
			buildActionMask = 2147483647;
			files = (
			);
			runOnlyForDeploymentPostprocessing = 0;
		};
/* End PBXFrameworksBuildPhase section */

/* Begin PBXGroup section */
		46CE75FE1E64E1DA0015A9CE = {
			isa = PBXGroup;
			children = (
				46CE76091E64E1DA0015A9CE /* AutoResize 01 */,
				46CE76081E64E1DA0015A9CE /* Products */,
			);
			sourceTree = "<group>";
		};
		46CE76081E64E1DA0015A9CE /* Products */ = {
			isa = PBXGroup;
			children = (
				46CE76071E64E1DA0015A9CE /* AutoResize 01.app */,
			);
			name = Products;
			sourceTree = "<group>";
		};
		46CE76091E64E1DA0015A9CE /* AutoResize 01 */ = {
			isa = PBXGroup;
			children = (
				46CE760A1E64E1DA0015A9CE /* AppDelegate.swift */,
				46CE760C1E64E1DA0015A9CE /* ViewController.swift */,
				46CE760E1E64E1DA0015A9CE /* Main.storyboard */,
				46CE76111E64E1DA0015A9CE /* Assets.xcassets */,
				46CE76131E64E1DA0015A9CE /* LaunchScreen.storyboard */,
				46CE76161E64E1DA0015A9CE /* Info.plist */,
			);
			path = "AutoResize 01";
			sourceTree = "<group>";
		};
/* End PBXGroup section */

/* Begin PBXNativeTarget section */
		46CE76061E64E1DA0015A9CE /* AutoResize 01 */ = {
			isa = PBXNativeTarget;
			buildConfigurationList = 46CE76191E64E1DA0015A9CE /* Build configuration list for PBXNativeTarget "AutoResize 01" */;
			buildPhases = (
				46CE76031E64E1DA0015A9CE /* Sources */,
				46CE76041E64E1DA0015A9CE /* Frameworks */,
				46CE76051E64E1DA0015A9CE /* Resources */,
			);
			buildRules = (
			);
			dependencies = (
			);
			name = "AutoResize 01";
			productName = "AutoResize 01";
			productReference = 46CE76071E64E1DA0015A9CE /* AutoResize 01.app */;
			productType = "com.apple.product-type.application";
		};
/* End PBXNativeTarget section */

/* Begin PBXProject section */
		46CE75FF1E64E1DA0015A9CE /* Project object */ = {
			isa = PBXProject;
			attributes = {
				LastSwiftUpdateCheck = 0820;
				LastUpgradeCheck = 0820;
				ORGANIZATIONNAME = t4e;
				TargetAttributes = {
					46CE76061E64E1DA0015A9CE = {
						CreatedOnToolsVersion = 8.2.1;
						ProvisioningStyle = Automatic;
					};
				};
			};
			buildConfigurationList = 46CE76021E64E1DA0015A9CE /* Build configuration list for PBXProject "AutoResize 01" */;
			compatibilityVersion = "Xcode 3.2";
			developmentRegion = English;
			hasScannedForEncodings = 0;
			knownRegions = (
				en,
				Base,
			);
			mainGroup = 46CE75FE1E64E1DA0015A9CE;
			productRefGroup = 46CE76081E64E1DA0015A9CE /* Products */;
			projectDirPath = "";
			projectRoot = "";
			targets = (
				46CE76061E64E1DA0015A9CE /* AutoResize 01 */,
			);
		};
/* End PBXProject section */

/* Begin PBXResourcesBuildPhase section */
		46CE76051E64E1DA0015A9CE /* Resources */ = {
			isa = PBXResourcesBuildPhase;
			buildActionMask = 2147483647;
			files = (
				46CE76151E64E1DA0015A9CE /* LaunchScreen.storyboard in Resources */,
				46CE76121E64E1DA0015A9CE /* Assets.xcassets in Resources */,
				46CE76101E64E1DA0015A9CE /* Main.storyboard in Resources */,
			);
			runOnlyForDeploymentPostprocessing = 0;
		};
/* End PBXResourcesBuildPhase section */

/* Begin PBXSourcesBuildPhase section */
		46CE76031E64E1DA0015A9CE /* Sources */ = {
			isa = PBXSourcesBuildPhase;
			buildActionMask = 2147483647;
			files = (
				46CE760D1E64E1DA0015A9CE /* ViewController.swift in Sources */,
				46CE760B1E64E1DA0015A9CE /* AppDelegate.swift in Sources */,
			);
			runOnlyForDeploymentPostprocessing = 0;
		};
/* End PBXSourcesBuildPhase section */

/* Begin PBXVariantGroup section */
		46CE760E1E64E1DA0015A9CE /* Main.storyboard */ = {
			isa = PBXVariantGroup;
			children = (
				46CE760F1E64E1DA0015A9CE /* Base */,
			);
			name = Main.storyboard;
			sourceTree = "<group>";
		};
		46CE76131E64E1DA0015A9CE /* LaunchScreen.storyboard */ = {
			isa = PBXVariantGroup;
			children = (
				46CE76141E64E1DA0015A9CE /* Base */,
			);
			name = LaunchScreen.storyboard;
			sourceTree = "<group>";
		};
/* End PBXVariantGroup section */

/* Begin XCBuildConfiguration section */
		46CE76171E64E1DA0015A9CE /* Debug */ = {
			isa = XCBuildConfiguration;
			buildSettings = {
				ALWAYS_SEARCH_USER_PATHS = NO;
				CLANG_ANALYZER_NONNULL = YES;
				CLANG_CXX_LANGUAGE_STANDARD = "gnu++0x";
				CLANG_CXX_LIBRARY = "libc++";
				CLANG_ENABLE_MODULES = YES;
				CLANG_ENABLE_OBJC_ARC = YES;
				CLANG_WARN_BOOL_CONVERSION = YES;
				CLANG_WARN_CONSTANT_CONVERSION = YES;
				CLANG_WARN_DIRECT_OBJC_ISA_USAGE = YES_ERROR;
				CLANG_WARN_DOCUMENTATION_COMMENTS = YES;
				CLANG_WARN_EMPTY_BODY = YES;
				CLANG_WARN_ENUM_CONVERSION = YES;
				CLANG_WARN_INFINITE_RECURSION = YES;
				CLANG_WARN_INT_CONVERSION = YES;
				CLANG_WARN_OBJC_ROOT_CLASS = YES_ERROR;
				CLANG_WARN_SUSPICIOUS_MOVE = YES;
				CLANG_WARN_UNREACHABLE_CODE = YES;
				CLANG_WARN__DUPLICATE_METHOD_MATCH = YES;
				"CODE_SIGN_IDENTITY[sdk=iphoneos*]" = "iPhone Developer";
				COPY_PHASE_STRIP = NO;
				DEBUG_INFORMATION_FORMAT = dwarf;
				ENABLE_STRICT_OBJC_MSGSEND = YES;
				ENABLE_TESTABILITY = YES;
				GCC_C_LANGUAGE_STANDARD = gnu99;
				GCC_DYNAMIC_NO_PIC = NO;
				GCC_NO_COMMON_BLOCKS = YES;
				GCC_OPTIMIZATION_LEVEL = 0;
				GCC_PREPROCESSOR_DEFINITIONS = (
					"DEBUG=1",
					"$(inherited)",
				);
				GCC_WARN_64_TO_32_BIT_CONVERSION = YES;
				GCC_WARN_ABOUT_RETURN_TYPE = YES_ERROR;
				GCC_WARN_UNDECLARED_SELECTOR = YES;
				GCC_WARN_UNINITIALIZED_AUTOS = YES_AGGRESSIVE;
				GCC_WARN_UNUSED_FUNCTION = YES;
				GCC_WARN_UNUSED_VARIABLE = YES;
				IPHONEOS_DEPLOYMENT_TARGET = 10.2;
				MTL_ENABLE_DEBUG_INFO = YES;
				ONLY_ACTIVE_ARCH = YES;
				SDKROOT = iphoneos;
				SWIFT_ACTIVE_COMPILATION_CONDITIONS = DEBUG;
				SWIFT_OPTIMIZATION_LEVEL = "-Onone";
			};
			name = Debug;
		};
		46CE76181E64E1DA0015A9CE /* Release */ = {
			isa = XCBuildConfiguration;
			buildSettings = {
				ALWAYS_SEARCH_USER_PATHS = NO;
				CLANG_ANALYZER_NONNULL = YES;
				CLANG_CXX_LANGUAGE_STANDARD = "gnu++0x";
				CLANG_CXX_LIBRARY = "libc++";
				CLANG_ENABLE_MODULES = YES;
				CLANG_ENABLE_OBJC_ARC = YES;
				CLANG_WARN_BOOL_CONVERSION = YES;
				CLANG_WARN_CONSTANT_CONVERSION = YES;
				CLANG_WARN_DIRECT_OBJC_ISA_USAGE = YES_ERROR;
				CLANG_WARN_DOCUMENTATION_COMMENTS = YES;
				CLANG_WARN_EMPTY_BODY = YES;
				CLANG_WARN_ENUM_CONVERSION = YES;
				CLANG_WARN_INFINITE_RECURSION = YES;
				CLANG_WARN_INT_CONVERSION = YES;
				CLANG_WARN_OBJC_ROOT_CLASS = YES_ERROR;
				CLANG_WARN_SUSPICIOUS_MOVE = YES;
				CLANG_WARN_UNREACHABLE_CODE = YES;
				CLANG_WARN__DUPLICATE_METHOD_MATCH = YES;
				"CODE_SIGN_IDENTITY[sdk=iphoneos*]" = "iPhone Developer";
				COPY_PHASE_STRIP = NO;
				DEBUG_INFORMATION_FORMAT = "dwarf-with-dsym";
				ENABLE_NS_ASSERTIONS = NO;
				ENABLE_STRICT_OBJC_MSGSEND = YES;
				GCC_C_LANGUAGE_STANDARD = gnu99;
				GCC_NO_COMMON_BLOCKS = YES;
				GCC_WARN_64_TO_32_BIT_CONVERSION = YES;
				GCC_WARN_ABOUT_RETURN_TYPE = YES_ERROR;
				GCC_WARN_UNDECLARED_SELECTOR = YES;
				GCC_WARN_UNINITIALIZED_AUTOS = YES_AGGRESSIVE;
				GCC_WARN_UNUSED_FUNCTION = YES;
				GCC_WARN_UNUSED_VARIABLE = YES;
				IPHONEOS_DEPLOYMENT_TARGET = 10.2;
				MTL_ENABLE_DEBUG_INFO = NO;
				SDKROOT = iphoneos;
				SWIFT_OPTIMIZATION_LEVEL = "-Owholemodule";
				VALIDATE_PRODUCT = YES;
			};
			name = Release;
		};
		46CE761A1E64E1DA0015A9CE /* Debug */ = {
			isa = XCBuildConfiguration;
			buildSettings = {
				ASSETCATALOG_COMPILER_APPICON_NAME = AppIcon;
				INFOPLIST_FILE = "AutoResize 01/Info.plist";
				LD_RUNPATH_SEARCH_PATHS = "$(inherited) @executable_path/Frameworks";
				PRODUCT_BUNDLE_IDENTIFIER = "com.t4e.AutoResize-01";
				PRODUCT_NAME = "$(TARGET_NAME)";
				SWIFT_VERSION = 3.0;
			};
			name = Debug;
		};
		46CE761B1E64E1DA0015A9CE /* Release */ = {
			isa = XCBuildConfiguration;
			buildSettings = {
				ASSETCATALOG_COMPILER_APPICON_NAME = AppIcon;
				INFOPLIST_FILE = "AutoResize 01/Info.plist";
				LD_RUNPATH_SEARCH_PATHS = "$(inherited) @executable_path/Frameworks";
				PRODUCT_BUNDLE_IDENTIFIER = "com.t4e.AutoResize-01";
				PRODUCT_NAME = "$(TARGET_NAME)";
				SWIFT_VERSION = 3.0;
			};
			name = Release;
		};
/* End XCBuildConfiguration section */

/* Begin XCConfigurationList section */
		46CE76021E64E1DA0015A9CE /* Build configuration list for PBXProject "AutoResize 01" */ = {
			isa = XCConfigurationList;
			buildConfigurations = (
				46CE76171E64E1DA0015A9CE /* Debug */,
				46CE76181E64E1DA0015A9CE /* Release */,
			);
			defaultConfigurationIsVisible = 0;
			defaultConfigurationName = Release;
		};
		46CE76191E64E1DA0015A9CE /* Build configuration list for PBXNativeTarget "AutoResize 01" */ = {
			isa = XCConfigurationList;
			buildConfigurations = (
				46CE761A1E64E1DA0015A9CE /* Debug */,
				46CE761B1E64E1DA0015A9CE /* Release */,
			);
			defaultConfigurationIsVisible = 0;
		};
/* End XCConfigurationList section */
	};
	rootObject = 46CE75FF1E64E1DA0015A9CE /* Project object */;
}
